
Microsoft Visual Studio Solution File, Format Version 12.00
# Visual Studio Version 16
VisualStudioVersion = 16.0.31911.196
MinimumVisualStudioVersion = 10.0.40219.1
Project("{FAE04EC0-301F-11D3-BF4B-00C04F79EFBC}") = "UPP_1", "UPP_1.csproj", "{81E0387F-69B9-48AB-85B8-A0BBF6234AD3}"
EndProject
Global
	GlobalSection(SolutionConfigurationPlatforms) = preSolution
		Debug|Any CPU = Debug|Any CPU
		Release|Any CPU = Release|Any CPU
	EndGlobalSection
	GlobalSection(ProjectConfigurationPlatforms) = postSolution
		{81E0387F-69B9-48AB-85B8-A0BBF6234AD3}.Debug|Any CPU.ActiveCfg = Debug|Any CPU
		{81E0387F-69B9-48AB-85B8-A0BBF6234AD3}.Debug|Any CPU.Build.0 = Debug|Any CPU
		{81E0387F-69B9-48AB-85B8-A0BBF6234AD3}.Release|Any CPU.ActiveCfg = Release|Any CPU
		{81E0387F-69B9-48AB-85B8-A0BBF6234AD3}.Release|Any CPU.Build.0 = Release|Any CPU
	EndGlobalSection
	GlobalSection(SolutionProperties) = preSolution
		HideSolutionNode = FALSE
	EndGlobalSection
	GlobalSection(ExtensibilityGlobals) = postSolution
		SolutionGuid = {FAE29FB1-7283-405E-BE04-A7B98135B993}
	EndGlobalSection
EndGlobal
